
Microsoft Visual Studio Solution File, Format Version 11.00
# Visual Studio 2010
Project("{D2ABAB84-BF74-430A-B69E-9DC6D40DDA17}") = "DistrisysOLAP", "DistrisysOLAP\DistrisysOLAP.dwproj", "{0CCB8342-1DEB-43B6-9BB3-5D1F61AEE0D4}"
EndProject
Global
	GlobalSection(SolutionConfigurationPlatforms) = preSolution
		Development|Default = Development|Default
	EndGlobalSection
	GlobalSection(ProjectConfigurationPlatforms) = postSolution
		{0CCB8342-1DEB-43B6-9BB3-5D1F61AEE0D4}.Development|Default.ActiveCfg = Development
		{0CCB8342-1DEB-43B6-9BB3-5D1F61AEE0D4}.Development|Default.Build.0 = Development
		{0CCB8342-1DEB-43B6-9BB3-5D1F61AEE0D4}.Development|Default.Deploy.0 = Development
	EndGlobalSection
	GlobalSection(SolutionProperties) = preSolution
		HideSolutionNode = FALSE
	EndGlobalSection
EndGlobal
